
Microsoft Visual Studio Solution File, Format Version 12.00
# Visual Studio Version 16
VisualStudioVersion = 16.0.31025.194
MinimumVisualStudioVersion = 10.0.40219.1
Project("{FAE04EC0-301F-11D3-BF4B-00C04F79EFBC}") = "swat", "swat\swat.csproj", "{A607CC9B-E1C6-4C01-A3E2-89DD33F4F323}"
EndProject
Project("{FAE04EC0-301F-11D3-BF4B-00C04F79EFBC}") = "SwatTheme", "SwatTheme\SwatTheme.csproj", "{35B9167F-E4B1-4963-BCDB-7A926EFB759A}"
EndProject
Project("{FAE04EC0-301F-11D3-BF4B-00C04F79EFBC}") = "SwatPresentations", "SwatPresentations\SwatPresentations.csproj", "{DD40C06D-D084-4390-AB60-A863D96DFBB3}"
EndProject
Project("{FAE04EC0-301F-11D3-BF4B-00C04F79EFBC}") = "SwatDwdImporter", "SwatDwdImporter\SwatDwdImporter.csproj", "{E7F94932-637D-4137-A7E6-6A24A72FF87B}"
EndProject
Project("{FAE04EC0-301F-11D3-BF4B-00C04F79EFBC}") = "Swop", "Swop\Swop.csproj", "{DAB979D2-311D-46FC-A60E-804E312B98DC}"
EndProject
Project("{FAE04EC0-301F-11D3-BF4B-00C04F79EFBC}") = "swatSim", "swatSim\swatSim.csproj", "{E0AEC615-87C3-4925-81DF-1476DADBD87F}"
EndProject
Project("{FAE04EC0-301F-11D3-BF4B-00C04F79EFBC}") = "SwopReview", "SwopReview\SwopReview.csproj", "{0E8FF80A-9301-4C51-B1E6-6E62A3B66E0F}"
EndProject
Global
	GlobalSection(SolutionConfigurationPlatforms) = preSolution
		Debug|Any CPU = Debug|Any CPU
		Release|Any CPU = Release|Any CPU
	EndGlobalSection
	GlobalSection(ProjectConfigurationPlatforms) = postSolution
		{A607CC9B-E1C6-4C01-A3E2-89DD33F4F323}.Debug|Any CPU.ActiveCfg = Debug|Any CPU
		{A607CC9B-E1C6-4C01-A3E2-89DD33F4F323}.Debug|Any CPU.Build.0 = Debug|Any CPU
		{A607CC9B-E1C6-4C01-A3E2-89DD33F4F323}.Release|Any CPU.ActiveCfg = Release|Any CPU
		{A607CC9B-E1C6-4C01-A3E2-89DD33F4F323}.Release|Any CPU.Build.0 = Release|Any CPU
		{35B9167F-E4B1-4963-BCDB-7A926EFB759A}.Debug|Any CPU.ActiveCfg = Debug|Any CPU
		{35B9167F-E4B1-4963-BCDB-7A926EFB759A}.Debug|Any CPU.Build.0 = Debug|Any CPU
		{35B9167F-E4B1-4963-BCDB-7A926EFB759A}.Release|Any CPU.ActiveCfg = Release|Any CPU
		{35B9167F-E4B1-4963-BCDB-7A926EFB759A}.Release|Any CPU.Build.0 = Release|Any CPU
		{DD40C06D-D084-4390-AB60-A863D96DFBB3}.Debug|Any CPU.ActiveCfg = Debug|Any CPU
		{DD40C06D-D084-4390-AB60-A863D96DFBB3}.Debug|Any CPU.Build.0 = Debug|Any CPU
		{DD40C06D-D084-4390-AB60-A863D96DFBB3}.Release|Any CPU.ActiveCfg = Release|Any CPU
		{DD40C06D-D084-4390-AB60-A863D96DFBB3}.Release|Any CPU.Build.0 = Release|Any CPU
		{E7F94932-637D-4137-A7E6-6A24A72FF87B}.Debug|Any CPU.ActiveCfg = Debug|Any CPU
		{E7F94932-637D-4137-A7E6-6A24A72FF87B}.Debug|Any CPU.Build.0 = Debug|Any CPU
		{E7F94932-637D-4137-A7E6-6A24A72FF87B}.Release|Any CPU.ActiveCfg = Release|Any CPU
		{E7F94932-637D-4137-A7E6-6A24A72FF87B}.Release|Any CPU.Build.0 = Release|Any CPU
		{DAB979D2-311D-46FC-A60E-804E312B98DC}.Debug|Any CPU.ActiveCfg = Debug|Any CPU
		{DAB979D2-311D-46FC-A60E-804E312B98DC}.Debug|Any CPU.Build.0 = Debug|Any CPU
		{DAB979D2-311D-46FC-A60E-804E312B98DC}.Release|Any CPU.ActiveCfg = Release|Any CPU
		{DAB979D2-311D-46FC-A60E-804E312B98DC}.Release|Any CPU.Build.0 = Release|Any CPU
		{E0AEC615-87C3-4925-81DF-1476DADBD87F}.Debug|Any CPU.ActiveCfg = Debug|Any CPU
		{E0AEC615-87C3-4925-81DF-1476DADBD87F}.Debug|Any CPU.Build.0 = Debug|Any CPU
		{E0AEC615-87C3-4925-81DF-1476DADBD87F}.Release|Any CPU.ActiveCfg = Release|Any CPU
		{E0AEC615-87C3-4925-81DF-1476DADBD87F}.Release|Any CPU.Build.0 = Release|Any CPU
		{0E8FF80A-9301-4C51-B1E6-6E62A3B66E0F}.Debug|Any CPU.ActiveCfg = Debug|Any CPU
		{0E8FF80A-9301-4C51-B1E6-6E62A3B66E0F}.Debug|Any CPU.Build.0 = Debug|Any CPU
		{0E8FF80A-9301-4C51-B1E6-6E62A3B66E0F}.Release|Any CPU.ActiveCfg = Release|Any CPU
		{0E8FF80A-9301-4C51-B1E6-6E62A3B66E0F}.Release|Any CPU.Build.0 = Release|Any CPU
	EndGlobalSection
	GlobalSection(SolutionProperties) = preSolution
		HideSolutionNode = FALSE
	EndGlobalSection
	GlobalSection(ExtensibilityGlobals) = postSolution
		SolutionGuid = {4AFD23D1-8025-4157-8D04-FE0BF004651E}
	EndGlobalSection
EndGlobal
